
Microsoft Visual Studio Solution File, Format Version 12.00
# Visual Studio 15
VisualStudioVersion = 15.0.27004.2006
MinimumVisualStudioVersion = 10.0.40219.1
Project("{FAE04EC0-301F-11D3-BF4B-00C04F79EFBC}") = "HGSSSARAssistant.WebOld", "HGSSSARAssistant\HGSSSARAssistant.WebOld.csproj", "{8408A37D-F259-4588-AF68-EAD70F7C119F}"
EndProject
Project("{FAE04EC0-301F-11D3-BF4B-00C04F79EFBC}") = "HGSSSARAssistant.Core", "HGSSSARAssistant.Core\HGSSSARAssistant.Core.csproj", "{EF538489-00F1-414F-910C-3119C048BFDB}"
EndProject
Project("{FAE04EC0-301F-11D3-BF4B-00C04F79EFBC}") = "HGSSSARAssistant.Api", "HGSSSARAssistant.Api\HGSSSARAssistant.Api.csproj", "{9E51634D-737E-4669-A632-DF7384BD942F}"
EndProject
Project("{FAE04EC0-301F-11D3-BF4B-00C04F79EFBC}") = "HGSSSARAssistant.DAL", "HGSSSARAssistant.DAL\HGSSSARAssistant.DAL.csproj", "{88FF1DAE-C2ED-4F3E-9E5E-0F366080F0D5}"
EndProject
Project("{FAE04EC0-301F-11D3-BF4B-00C04F79EFBC}") = "HGSSSARAssistant.Web", "HGSSSARAssistant.Web\HGSSSARAssistant.Web.csproj", "{2EDD60C8-299E-43A4-83D1-AE9328D1D2DA}"
EndProject
Global
	GlobalSection(SolutionConfigurationPlatforms) = preSolution
		Debug|Any CPU = Debug|Any CPU
		Release|Any CPU = Release|Any CPU
	EndGlobalSection
	GlobalSection(ProjectConfigurationPlatforms) = postSolution
		{8408A37D-F259-4588-AF68-EAD70F7C119F}.Debug|Any CPU.ActiveCfg = Debug|Any CPU
		{8408A37D-F259-4588-AF68-EAD70F7C119F}.Debug|Any CPU.Build.0 = Debug|Any CPU
		{8408A37D-F259-4588-AF68-EAD70F7C119F}.Release|Any CPU.ActiveCfg = Release|Any CPU
		{8408A37D-F259-4588-AF68-EAD70F7C119F}.Release|Any CPU.Build.0 = Release|Any CPU
		{EF538489-00F1-414F-910C-3119C048BFDB}.Debug|Any CPU.ActiveCfg = Debug|Any CPU
		{EF538489-00F1-414F-910C-3119C048BFDB}.Debug|Any CPU.Build.0 = Debug|Any CPU
		{EF538489-00F1-414F-910C-3119C048BFDB}.Release|Any CPU.ActiveCfg = Release|Any CPU
		{EF538489-00F1-414F-910C-3119C048BFDB}.Release|Any CPU.Build.0 = Release|Any CPU
		{9E51634D-737E-4669-A632-DF7384BD942F}.Debug|Any CPU.ActiveCfg = Debug|Any CPU
		{9E51634D-737E-4669-A632-DF7384BD942F}.Debug|Any CPU.Build.0 = Debug|Any CPU
		{9E51634D-737E-4669-A632-DF7384BD942F}.Release|Any CPU.ActiveCfg = Release|Any CPU
		{9E51634D-737E-4669-A632-DF7384BD942F}.Release|Any CPU.Build.0 = Release|Any CPU
		{88FF1DAE-C2ED-4F3E-9E5E-0F366080F0D5}.Debug|Any CPU.ActiveCfg = Debug|Any CPU
		{88FF1DAE-C2ED-4F3E-9E5E-0F366080F0D5}.Debug|Any CPU.Build.0 = Debug|Any CPU
		{88FF1DAE-C2ED-4F3E-9E5E-0F366080F0D5}.Release|Any CPU.ActiveCfg = Release|Any CPU
		{88FF1DAE-C2ED-4F3E-9E5E-0F366080F0D5}.Release|Any CPU.Build.0 = Release|Any CPU
		{2EDD60C8-299E-43A4-83D1-AE9328D1D2DA}.Debug|Any CPU.ActiveCfg = Debug|Any CPU
		{2EDD60C8-299E-43A4-83D1-AE9328D1D2DA}.Debug|Any CPU.Build.0 = Debug|Any CPU
		{2EDD60C8-299E-43A4-83D1-AE9328D1D2DA}.Release|Any CPU.ActiveCfg = Release|Any CPU
		{2EDD60C8-299E-43A4-83D1-AE9328D1D2DA}.Release|Any CPU.Build.0 = Release|Any CPU
	EndGlobalSection
	GlobalSection(SolutionProperties) = preSolution
		HideSolutionNode = FALSE
	EndGlobalSection
	GlobalSection(ExtensibilityGlobals) = postSolution
		SolutionGuid = {E0585854-66B6-4358-9494-7327AEAB1E31}
	EndGlobalSection
EndGlobal
